
Microsoft Visual Studio Solution File, Format Version 12.00
# Visual Studio Version 17
VisualStudioVersion = 17.0.31903.59
MinimumVisualStudioVersion = 10.0.40219.1
Project("{9A19103F-16F7-4668-BE54-9A1E7A4F7556}") = "DepRegAttributes", "DepRegAttributes\DepRegAttributes.csproj", "{AB8E960E-8772-46A3-A8A6-D1A28639E48E}"
EndProject
Project("{9A19103F-16F7-4668-BE54-9A1E7A4F7556}") = "DepRegAttributes.ExampleLibrary", "DepRegAttributes.ExampleLibrary\DepRegAttributes.ExampleLibrary.csproj", "{220C2CA4-C14B-4766-B198-A2C03D539FFC}"
EndProject
Project("{FAE04EC0-301F-11D3-BF4B-00C04F79EFBC}") = "DepRegAttributes.Tests", "DepRegAttributes.Tests\DepRegAttributes.Tests.csproj", "{6765F334-4309-451E-8665-B13F94A2AE6C}"
EndProject
Global
	GlobalSection(SolutionConfigurationPlatforms) = preSolution
		Debug|Any CPU = Debug|Any CPU
		Release|Any CPU = Release|Any CPU
	EndGlobalSection
	GlobalSection(ProjectConfigurationPlatforms) = postSolution
		{AB8E960E-8772-46A3-A8A6-D1A28639E48E}.Debug|Any CPU.ActiveCfg = Debug|Any CPU
		{AB8E960E-8772-46A3-A8A6-D1A28639E48E}.Debug|Any CPU.Build.0 = Debug|Any CPU
		{AB8E960E-8772-46A3-A8A6-D1A28639E48E}.Release|Any CPU.ActiveCfg = Release|Any CPU
		{AB8E960E-8772-46A3-A8A6-D1A28639E48E}.Release|Any CPU.Build.0 = Release|Any CPU
		{220C2CA4-C14B-4766-B198-A2C03D539FFC}.Debug|Any CPU.ActiveCfg = Debug|Any CPU
		{220C2CA4-C14B-4766-B198-A2C03D539FFC}.Debug|Any CPU.Build.0 = Debug|Any CPU
		{220C2CA4-C14B-4766-B198-A2C03D539FFC}.Release|Any CPU.ActiveCfg = Release|Any CPU
		{220C2CA4-C14B-4766-B198-A2C03D539FFC}.Release|Any CPU.Build.0 = Release|Any CPU
		{6765F334-4309-451E-8665-B13F94A2AE6C}.Debug|Any CPU.ActiveCfg = Debug|Any CPU
		{6765F334-4309-451E-8665-B13F94A2AE6C}.Debug|Any CPU.Build.0 = Debug|Any CPU
		{6765F334-4309-451E-8665-B13F94A2AE6C}.Release|Any CPU.ActiveCfg = Release|Any CPU
		{6765F334-4309-451E-8665-B13F94A2AE6C}.Release|Any CPU.Build.0 = Release|Any CPU
	EndGlobalSection
	GlobalSection(SolutionProperties) = preSolution
		HideSolutionNode = FALSE
	EndGlobalSection
	GlobalSection(ExtensibilityGlobals) = postSolution
		SolutionGuid = {F04FDACF-09A7-4352-A32E-DA843E6E3E2C}
	EndGlobalSection
EndGlobal
