
Microsoft Visual Studio Solution File, Format Version 12.00
# Visual Studio Version 17
VisualStudioVersion = 17.0.31903.59
MinimumVisualStudioVersion = 10.0.40219.1
Project("{9A19103F-16F7-4668-BE54-9A1E7A4F7556}") = "DepRegAttributes.ExampleLibrary", "DepRegAttributes.ExampleLibrary\DepRegAttributes.ExampleLibrary.csproj", "{220C2CA4-C14B-4766-B198-A2C03D539FFC}"
EndProject
Project("{9A19103F-16F7-4668-BE54-9A1E7A4F7556}") = "DepRegAttributes.Tests", "DepRegAttributes.Tests\DepRegAttributes.Tests.csproj", "{6765F334-4309-451E-8665-B13F94A2AE6C}"
EndProject
Project("{2150E333-8FDC-42A3-9474-1A3956D46DE8}") = "Actions", "Actions", "{3D19F9DD-3778-44DD-979F-75A3AB5F3099}"
	ProjectSection(SolutionItems) = preProject
		.github\workflows\build-test.yml = .github\workflows\build-test.yml
	EndProjectSection
EndProject
Project("{9A19103F-16F7-4668-BE54-9A1E7A4F7556}") = "DepRegAttributes.Analyzer", "DepRegAttributes.Analyzer\DepRegAttributes.Analyzer.csproj", "{D41915A2-E017-4FE7-9D87-9F543EC5BCE1}"
EndProject
Project("{9A19103F-16F7-4668-BE54-9A1E7A4F7556}") = "DepRegAttributes.Package", "DepRegAttributes.Package\DepRegAttributes.Package.csproj", "{E0477F53-20ED-41C8-B35B-837FB2F0B8EB}"
EndProject
Global
	GlobalSection(SolutionConfigurationPlatforms) = preSolution
		Debug|Any CPU = Debug|Any CPU
		Release|Any CPU = Release|Any CPU
	EndGlobalSection
	GlobalSection(ProjectConfigurationPlatforms) = postSolution
		{220C2CA4-C14B-4766-B198-A2C03D539FFC}.Debug|Any CPU.ActiveCfg = Debug|Any CPU
		{220C2CA4-C14B-4766-B198-A2C03D539FFC}.Debug|Any CPU.Build.0 = Debug|Any CPU
		{220C2CA4-C14B-4766-B198-A2C03D539FFC}.Release|Any CPU.ActiveCfg = Release|Any CPU
		{220C2CA4-C14B-4766-B198-A2C03D539FFC}.Release|Any CPU.Build.0 = Release|Any CPU
		{6765F334-4309-451E-8665-B13F94A2AE6C}.Debug|Any CPU.ActiveCfg = Debug|Any CPU
		{6765F334-4309-451E-8665-B13F94A2AE6C}.Debug|Any CPU.Build.0 = Debug|Any CPU
		{6765F334-4309-451E-8665-B13F94A2AE6C}.Release|Any CPU.ActiveCfg = Release|Any CPU
		{6765F334-4309-451E-8665-B13F94A2AE6C}.Release|Any CPU.Build.0 = Release|Any CPU
		{D41915A2-E017-4FE7-9D87-9F543EC5BCE1}.Debug|Any CPU.ActiveCfg = Debug|Any CPU
		{D41915A2-E017-4FE7-9D87-9F543EC5BCE1}.Debug|Any CPU.Build.0 = Debug|Any CPU
		{D41915A2-E017-4FE7-9D87-9F543EC5BCE1}.Release|Any CPU.ActiveCfg = Release|Any CPU
		{D41915A2-E017-4FE7-9D87-9F543EC5BCE1}.Release|Any CPU.Build.0 = Release|Any CPU
		{E0477F53-20ED-41C8-B35B-837FB2F0B8EB}.Debug|Any CPU.ActiveCfg = Debug|Any CPU
		{E0477F53-20ED-41C8-B35B-837FB2F0B8EB}.Debug|Any CPU.Build.0 = Debug|Any CPU
		{E0477F53-20ED-41C8-B35B-837FB2F0B8EB}.Release|Any CPU.ActiveCfg = Release|Any CPU
		{E0477F53-20ED-41C8-B35B-837FB2F0B8EB}.Release|Any CPU.Build.0 = Release|Any CPU
	EndGlobalSection
	GlobalSection(SolutionProperties) = preSolution
		HideSolutionNode = FALSE
	EndGlobalSection
	GlobalSection(ExtensibilityGlobals) = postSolution
		SolutionGuid = {F04FDACF-09A7-4352-A32E-DA843E6E3E2C}
	EndGlobalSection
EndGlobal
